
Microsoft Visual Studio Solution File, Format Version 12.00
# Visual Studio Version 16
VisualStudioVersion = 16.0.29911.84
MinimumVisualStudioVersion = 10.0.40219.1
Project("{9A19103F-16F7-4668-BE54-9A1E7A4F7556}") = "Users-Demo", "Users-Demo\Users-Demo.csproj", "{FA512BE0-8E0D-4B33-BF4F-6BEDA8DEFB5A}"
EndProject
Project("{9A19103F-16F7-4668-BE54-9A1E7A4F7556}") = "Users-Demo.DAL", "Users-Demo.DAL\Users-Demo.DAL.csproj", "{A7A66B41-3AEC-498F-8EB0-8D70A572AABE}"
EndProject
Project("{9A19103F-16F7-4668-BE54-9A1E7A4F7556}") = "Users-Demo.Services", "Users-Demo.Services\Users-Demo.Services.csproj", "{5CA4BE25-CC44-4DED-B08C-D213BE1E62DA}"
EndProject
Project("{9A19103F-16F7-4668-BE54-9A1E7A4F7556}") = "Users-Demo.Repository", "Users-Demo.Repository\Users-Demo.Repository.csproj", "{864705F6-17BB-4DCA-A4FC-76B6401160DD}"
EndProject
Project("{9A19103F-16F7-4668-BE54-9A1E7A4F7556}") = "Users-Demo.Handler", "Users-Demo.Handler\Users-Demo.Handler.csproj", "{46E91103-BF19-472C-85AE-5A722C9A4E29}"
EndProject
Project("{FAE04EC0-301F-11D3-BF4B-00C04F79EFBC}") = "Users-Demo.Validator", "Users-Demo.Validator\Users-Demo.Validator.csproj", "{DDF7AD80-A0FD-4CD7-8324-E8DFDE7DA54A}"
EndProject
Global
	GlobalSection(SolutionConfigurationPlatforms) = preSolution
		Debug|Any CPU = Debug|Any CPU
		Release|Any CPU = Release|Any CPU
	EndGlobalSection
	GlobalSection(ProjectConfigurationPlatforms) = postSolution
		{FA512BE0-8E0D-4B33-BF4F-6BEDA8DEFB5A}.Debug|Any CPU.ActiveCfg = Debug|Any CPU
		{FA512BE0-8E0D-4B33-BF4F-6BEDA8DEFB5A}.Debug|Any CPU.Build.0 = Debug|Any CPU
		{FA512BE0-8E0D-4B33-BF4F-6BEDA8DEFB5A}.Release|Any CPU.ActiveCfg = Release|Any CPU
		{FA512BE0-8E0D-4B33-BF4F-6BEDA8DEFB5A}.Release|Any CPU.Build.0 = Release|Any CPU
		{A7A66B41-3AEC-498F-8EB0-8D70A572AABE}.Debug|Any CPU.ActiveCfg = Debug|Any CPU
		{A7A66B41-3AEC-498F-8EB0-8D70A572AABE}.Debug|Any CPU.Build.0 = Debug|Any CPU
		{A7A66B41-3AEC-498F-8EB0-8D70A572AABE}.Release|Any CPU.ActiveCfg = Release|Any CPU
		{A7A66B41-3AEC-498F-8EB0-8D70A572AABE}.Release|Any CPU.Build.0 = Release|Any CPU
		{5CA4BE25-CC44-4DED-B08C-D213BE1E62DA}.Debug|Any CPU.ActiveCfg = Debug|Any CPU
		{5CA4BE25-CC44-4DED-B08C-D213BE1E62DA}.Debug|Any CPU.Build.0 = Debug|Any CPU
		{5CA4BE25-CC44-4DED-B08C-D213BE1E62DA}.Release|Any CPU.ActiveCfg = Release|Any CPU
		{5CA4BE25-CC44-4DED-B08C-D213BE1E62DA}.Release|Any CPU.Build.0 = Release|Any CPU
		{864705F6-17BB-4DCA-A4FC-76B6401160DD}.Debug|Any CPU.ActiveCfg = Debug|Any CPU
		{864705F6-17BB-4DCA-A4FC-76B6401160DD}.Debug|Any CPU.Build.0 = Debug|Any CPU
		{864705F6-17BB-4DCA-A4FC-76B6401160DD}.Release|Any CPU.ActiveCfg = Release|Any CPU
		{864705F6-17BB-4DCA-A4FC-76B6401160DD}.Release|Any CPU.Build.0 = Release|Any CPU
		{46E91103-BF19-472C-85AE-5A722C9A4E29}.Debug|Any CPU.ActiveCfg = Debug|Any CPU
		{46E91103-BF19-472C-85AE-5A722C9A4E29}.Debug|Any CPU.Build.0 = Debug|Any CPU
		{46E91103-BF19-472C-85AE-5A722C9A4E29}.Release|Any CPU.ActiveCfg = Release|Any CPU
		{46E91103-BF19-472C-85AE-5A722C9A4E29}.Release|Any CPU.Build.0 = Release|Any CPU
		{DDF7AD80-A0FD-4CD7-8324-E8DFDE7DA54A}.Debug|Any CPU.ActiveCfg = Debug|Any CPU
		{DDF7AD80-A0FD-4CD7-8324-E8DFDE7DA54A}.Debug|Any CPU.Build.0 = Debug|Any CPU
		{DDF7AD80-A0FD-4CD7-8324-E8DFDE7DA54A}.Release|Any CPU.ActiveCfg = Release|Any CPU
		{DDF7AD80-A0FD-4CD7-8324-E8DFDE7DA54A}.Release|Any CPU.Build.0 = Release|Any CPU
	EndGlobalSection
	GlobalSection(SolutionProperties) = preSolution
		HideSolutionNode = FALSE
	EndGlobalSection
	GlobalSection(ExtensibilityGlobals) = postSolution
		SolutionGuid = {47AC8D86-6D3D-4BF3-BC7D-3886B2ECE1C3}
	EndGlobalSection
EndGlobal
